{
    "name": "features-typescript-tests",
    "lockfileVersion": 3,
    "requires": true,
    "packages": {
        "": {
            "name": "features-typescript-tests",
            "dependencies": {
                "@digitalsubstrate/dsviper": "^1.2.8"
            },
            "devDependencies": {
                "typescript": "^5.0.0"
            }
        },
        "node_modules/@digitalsubstrate/dsviper": {
            "version": "1.2.8",
            "resolved": "https://registry.npmjs.org/@digitalsubstrate/dsviper/-/dsviper-1.2.8.tgz",
            "integrity": "sha512-4nMJMaTZYRroiaFqVtsna9GKooX341xw4rb1hxpqcea5I0P82ksbue6CU1HAfxM35vHZywi6hhRJP8al/ilbhA==",
            "license": "LicenseRef-DigitalSubstrate-Commercial-1.2",
            "engines": {
                "node": ">=18"
            }
        },
        "node_modules/typescript": {
            "version": "5.9.3",
            "resolved": "https://registry.npmjs.org/typescript/-/typescript-5.9.3.tgz",
            "integrity": "sha512-jl1vZzPDinLr9eUt3J/t7V6FgNEw9QjvBPdysz9KfQDD41fQrC2Y4vKQdiaUpFT4bXlb1RHhLpp8wtm6M5TgSw==",
            "dev": true,
            "license": "Apache-2.0",
            "bin": {
                "tsc": "bin/tsc",
                "tsserver": "bin/tsserver"
            },
            "engines": {
                "node": ">=14.17"
            }
        }
    }
}
